{
  "name": "oldgreg",
  "version": "1.0.0",
  "lockfileVersion": 3,
  "requires": true,
  "packages": {
    "": {
      "name": "oldgreg",
      "version": "1.0.0",
      "license": "MIT",
      "dependencies": {
        "oldgreg": "file:oldgreg-1.0.0.tgz"
      },
      "bin": {
        "og": "oldgreg.js",
        "oldgreg": "oldgreg.js"
      },
      "engines": {
        "node": ">=18.0.0"
      }
    },
    "node_modules/oldgreg": {
      "version": "1.0.0",
      "resolved": "file:oldgreg-1.0.0.tgz",
      "integrity": "sha512-vvzX0eLfagKJ8UR7IRiegtXuFiSDHkTOPieYEqjAb8woJuVZoQBVvlYcaFbqNb00sRqfrcH1eAdRk8uwsQs3iQ==",
      "license": "MIT",
      "bin": {
        "og": "oldgreg.js",
        "oldgreg": "oldgreg.js"
      },
      "engines": {
        "node": ">=18.0.0"
      }
    }
  }
}
