{
  "name": "oldgreg",
  "version": "1.0.3",
  "lockfileVersion": 3,
  "requires": true,
  "packages": {
    "": {
      "name": "oldgreg",
      "version": "1.0.3",
      "license": "MIT",
      "dependencies": {
        "oldgreg": "1.0.0"
      },
      "bin": {
        "og": "oldgreg.js",
        "oldgreg": "oldgreg.js"
      },
      "engines": {
        "node": ">=18.0.0"
      }
    }
  }
}
